
Microsoft Visual Studio Solution File, Format Version 12.00
# Visual Studio 15
VisualStudioVersion = 15.0.28307.572
MinimumVisualStudioVersion = 10.0.40219.1
Project("{FAE04EC0-301F-11D3-BF4B-00C04F79EFBC}") = "AngularHomeLearning", "AngularHomeLearning\AngularHomeLearning.csproj", "{4D9C7FBC-77FE-4C4A-A93C-7B26A9727DA3}"
EndProject
Global
	GlobalSection(SolutionConfigurationPlatforms) = preSolution
		Debug|Any CPU = Debug|Any CPU
		Release|Any CPU = Release|Any CPU
	EndGlobalSection
	GlobalSection(ProjectConfigurationPlatforms) = postSolution
		{4D9C7FBC-77FE-4C4A-A93C-7B26A9727DA3}.Debug|Any CPU.ActiveCfg = Debug|Any CPU
		{4D9C7FBC-77FE-4C4A-A93C-7B26A9727DA3}.Debug|Any CPU.Build.0 = Debug|Any CPU
		{4D9C7FBC-77FE-4C4A-A93C-7B26A9727DA3}.Release|Any CPU.ActiveCfg = Release|Any CPU
		{4D9C7FBC-77FE-4C4A-A93C-7B26A9727DA3}.Release|Any CPU.Build.0 = Release|Any CPU
	EndGlobalSection
	GlobalSection(SolutionProperties) = preSolution
		HideSolutionNode = FALSE
	EndGlobalSection
	GlobalSection(ExtensibilityGlobals) = postSolution
		SolutionGuid = {6175BF54-B73E-4FB8-A173-566B930DD65B}
	EndGlobalSection
EndGlobal
